// !$*UTF8*$!
{
	archiveVersion = 1;
	classes = {
	};
	objectVersion = 56;
	objects = {

/* Begin PBXBuildFile section */
		B544F3572CE94BEE0065F2F3 /* QuestionCellUpdateTableViewCell.swift in Sources */ = {isa = PBXBuildFile; fileRef = B544F3562CE94BEE0065F2F3 /* QuestionCellUpdateTableViewCell.swift */; };
		B544F3592CE963060065F2F3 /* QuestionCellUpdateViewController.swift in Sources */ = {isa = PBXBuildFile; fileRef = B544F3582CE963060065F2F3 /* QuestionCellUpdateViewController.swift */; };
		B544F35B2CE978B90065F2F3 /* ResultViewController.swift in Sources */ = {isa = PBXBuildFile; fileRef = B544F35A2CE978B90065F2F3 /* ResultViewController.swift */; };
		B544F35D2CE97BE40065F2F3 /* QuizViewController.swift in Sources */ = {isa = PBXBuildFile; fileRef = B544F35C2CE97BE40065F2F3 /* QuizViewController.swift */; };
		B5B7F2AB2CE52C3D00F478D5 /* AppDelegate.swift in Sources */ = {isa = PBXBuildFile; fileRef = B5B7F2AA2CE52C3D00F478D5 /* AppDelegate.swift */; };
		B5B7F2AD2CE52C3D00F478D5 /* SceneDelegate.swift in Sources */ = {isa = PBXBuildFile; fileRef = B5B7F2AC2CE52C3D00F478D5 /* SceneDelegate.swift */; };
		B5B7F2AF2CE52C3D00F478D5 /* ViewController.swift in Sources */ = {isa = PBXBuildFile; fileRef = B5B7F2AE2CE52C3D00F478D5 /* ViewController.swift */; };
		B5B7F2B22CE52C3D00F478D5 /* Base in Resources */ = {isa = PBXBuildFile; fileRef = B5B7F2B12CE52C3D00F478D5 /* Base */; };
		B5B7F2B42CE52C3F00F478D5 /* Assets.xcassets in Resources */ = {isa = PBXBuildFile; fileRef = B5B7F2B32CE52C3F00F478D5 /* Assets.xcassets */; };
		B5B7F2B72CE52C3F00F478D5 /* Base in Resources */ = {isa = PBXBuildFile; fileRef = B5B7F2B62CE52C3F00F478D5 /* Base */; };
		B5B7F2C22CE52C3F00F478D5 /* Quiz_AppTests.swift in Sources */ = {isa = PBXBuildFile; fileRef = B5B7F2C12CE52C3F00F478D5 /* Quiz_AppTests.swift */; };
		B5B7F2CC2CE52C3F00F478D5 /* Quiz_AppUITests.swift in Sources */ = {isa = PBXBuildFile; fileRef = B5B7F2CB2CE52C3F00F478D5 /* Quiz_AppUITests.swift */; };
		B5B7F2CE2CE52C3F00F478D5 /* Quiz_AppUITestsLaunchTests.swift in Sources */ = {isa = PBXBuildFile; fileRef = B5B7F2CD2CE52C3F00F478D5 /* Quiz_AppUITestsLaunchTests.swift */; };
		B5B7F2DB2CE533C500F478D5 /* QuestionBankTableViewController.swift in Sources */ = {isa = PBXBuildFile; fileRef = B5B7F2DA2CE533C500F478D5 /* QuestionBankTableViewController.swift */; };
		B5B7F2DD2CE5460200F478D5 /* QuestionBuilderViewController.swift in Sources */ = {isa = PBXBuildFile; fileRef = B5B7F2DC2CE5460200F478D5 /* QuestionBuilderViewController.swift */; };
		B5B7F2E12CE5708000F478D5 /* QuestionModel.swift in Sources */ = {isa = PBXBuildFile; fileRef = B5B7F2E02CE5708000F478D5 /* QuestionModel.swift */; };
/* End PBXBuildFile section */

/* Begin PBXContainerItemProxy section */
		B5B7F2BE2CE52C3F00F478D5 /* PBXContainerItemProxy */ = {
			isa = PBXContainerItemProxy;
			containerPortal = B5B7F29F2CE52C3D00F478D5 /* Project object */;
			proxyType = 1;
			remoteGlobalIDString = B5B7F2A62CE52C3D00F478D5;
			remoteInfo = "Quiz-App";
		};
		B5B7F2C82CE52C3F00F478D5 /* PBXContainerItemProxy */ = {
			isa = PBXContainerItemProxy;
			containerPortal = B5B7F29F2CE52C3D00F478D5 /* Project object */;
			proxyType = 1;
			remoteGlobalIDString = B5B7F2A62CE52C3D00F478D5;
			remoteInfo = "Quiz-App";
		};
/* End PBXContainerItemProxy section */

/* Begin PBXFileReference section */
		B544F3562CE94BEE0065F2F3 /* QuestionCellUpdateTableViewCell.swift */ = {isa = PBXFileReference; lastKnownFileType = sourcecode.swift; path = QuestionCellUpdateTableViewCell.swift; sourceTree = "<group>"; };
		B544F3582CE963060065F2F3 /* QuestionCellUpdateViewController.swift */ = {isa = PBXFileReference; lastKnownFileType = sourcecode.swift; path = QuestionCellUpdateViewController.swift; sourceTree = "<group>"; };
		B544F35A2CE978B90065F2F3 /* ResultViewController.swift */ = {isa = PBXFileReference; lastKnownFileType = sourcecode.swift; path = ResultViewController.swift; sourceTree = "<group>"; };
		B544F35C2CE97BE40065F2F3 /* QuizViewController.swift */ = {isa = PBXFileReference; lastKnownFileType = sourcecode.swift; path = QuizViewController.swift; sourceTree = "<group>"; };
		B5B7F2A72CE52C3D00F478D5 /* Quiz-App.app */ = {isa = PBXFileReference; explicitFileType = wrapper.application; includeInIndex = 0; path = "Quiz-App.app"; sourceTree = BUILT_PRODUCTS_DIR; };
		B5B7F2AA2CE52C3D00F478D5 /* AppDelegate.swift */ = {isa = PBXFileReference; lastKnownFileType = sourcecode.swift; path = AppDelegate.swift; sourceTree = "<group>"; };
		B5B7F2AC2CE52C3D00F478D5 /* SceneDelegate.swift */ = {isa = PBXFileReference; lastKnownFileType = sourcecode.swift; path = SceneDelegate.swift; sourceTree = "<group>"; };
		B5B7F2AE2CE52C3D00F478D5 /* ViewController.swift */ = {isa = PBXFileReference; lastKnownFileType = sourcecode.swift; path = ViewController.swift; sourceTree = "<group>"; };
		B5B7F2B12CE52C3D00F478D5 /* Base */ = {isa = PBXFileReference; lastKnownFileType = file.storyboard; name = Base; path = Base.lproj/Main.storyboard; sourceTree = "<group>"; };
		B5B7F2B32CE52C3F00F478D5 /* Assets.xcassets */ = {isa = PBXFileReference; lastKnownFileType = folder.assetcatalog; path = Assets.xcassets; sourceTree = "<group>"; };
		B5B7F2B62CE52C3F00F478D5 /* Base */ = {isa = PBXFileReference; lastKnownFileType = file.storyboard; name = Base; path = Base.lproj/LaunchScreen.storyboard; sourceTree = "<group>"; };
		B5B7F2B82CE52C3F00F478D5 /* Info.plist */ = {isa = PBXFileReference; lastKnownFileType = text.plist.xml; path = Info.plist; sourceTree = "<group>"; };
		B5B7F2BD2CE52C3F00F478D5 /* Quiz-AppTests.xctest */ = {isa = PBXFileReference; explicitFileType = wrapper.cfbundle; includeInIndex = 0; path = "Quiz-AppTests.xctest"; sourceTree = BUILT_PRODUCTS_DIR; };
		B5B7F2C12CE52C3F00F478D5 /* Quiz_AppTests.swift */ = {isa = PBXFileReference; lastKnownFileType = sourcecode.swift; path = Quiz_AppTests.swift; sourceTree = "<group>"; };
		B5B7F2C72CE52C3F00F478D5 /* Quiz-AppUITests.xctest */ = {isa = PBXFileReference; explicitFileType = wrapper.cfbundle; includeInIndex = 0; path = "Quiz-AppUITests.xctest"; sourceTree = BUILT_PRODUCTS_DIR; };
		B5B7F2CB2CE52C3F00F478D5 /* Quiz_AppUITests.swift */ = {isa = PBXFileReference; lastKnownFileType = sourcecode.swift; path = Quiz_AppUITests.swift; sourceTree = "<group>"; };
		B5B7F2CD2CE52C3F00F478D5 /* Quiz_AppUITestsLaunchTests.swift */ = {isa = PBXFileReference; lastKnownFileType = sourcecode.swift; path = Quiz_AppUITestsLaunchTests.swift; sourceTree = "<group>"; };
		B5B7F2DA2CE533C500F478D5 /* QuestionBankTableViewController.swift */ = {isa = PBXFileReference; lastKnownFileType = sourcecode.swift; path = QuestionBankTableViewController.swift; sourceTree = "<group>"; };
		B5B7F2DC2CE5460200F478D5 /* QuestionBuilderViewController.swift */ = {isa = PBXFileReference; lastKnownFileType = sourcecode.swift; path = QuestionBuilderViewController.swift; sourceTree = "<group>"; };
		B5B7F2E02CE5708000F478D5 /* QuestionModel.swift */ = {isa = PBXFileReference; lastKnownFileType = sourcecode.swift; path = QuestionModel.swift; sourceTree = "<group>"; };
/* End PBXFileReference section */

/* Begin PBXFrameworksBuildPhase section */
		B5B7F2A42CE52C3D00F478D5 /* Frameworks */ = {
			isa = PBXFrameworksBuildPhase;
			buildActionMask = 2147483647;
			files = (
			);
			runOnlyForDeploymentPostprocessing = 0;
		};
		B5B7F2BA2CE52C3F00F478D5 /* Frameworks */ = {
			isa = PBXFrameworksBuildPhase;
			buildActionMask = 2147483647;
			files = (
			);
			runOnlyForDeploymentPostprocessing = 0;
		};
		B5B7F2C42CE52C3F00F478D5 /* Frameworks */ = {
			isa = PBXFrameworksBuildPhase;
			buildActionMask = 2147483647;
			files = (
			);
			runOnlyForDeploymentPostprocessing = 0;
		};
/* End PBXFrameworksBuildPhase section */

/* Begin PBXGroup section */
		B5B7F29E2CE52C3D00F478D5 = {
			isa = PBXGroup;
			children = (
				B5B7F2A92CE52C3D00F478D5 /* Quiz-App */,
				B5B7F2C02CE52C3F00F478D5 /* Quiz-AppTests */,
				B5B7F2CA2CE52C3F00F478D5 /* Quiz-AppUITests */,
				B5B7F2A82CE52C3D00F478D5 /* Products */,
			);
			sourceTree = "<group>";
		};
		B5B7F2A82CE52C3D00F478D5 /* Products */ = {
			isa = PBXGroup;
			children = (
				B5B7F2A72CE52C3D00F478D5 /* Quiz-App.app */,
				B5B7F2BD2CE52C3F00F478D5 /* Quiz-AppTests.xctest */,
				B5B7F2C72CE52C3F00F478D5 /* Quiz-AppUITests.xctest */,
			);
			name = Products;
			sourceTree = "<group>";
		};
		B5B7F2A92CE52C3D00F478D5 /* Quiz-App */ = {
			isa = PBXGroup;
			children = (
				B5B7F2AA2CE52C3D00F478D5 /* AppDelegate.swift */,
				B5B7F2AC2CE52C3D00F478D5 /* SceneDelegate.swift */,
				B5B7F2AE2CE52C3D00F478D5 /* ViewController.swift */,
				B5B7F2B02CE52C3D00F478D5 /* Main.storyboard */,
				B5B7F2B32CE52C3F00F478D5 /* Assets.xcassets */,
				B5B7F2B52CE52C3F00F478D5 /* LaunchScreen.storyboard */,
				B5B7F2B82CE52C3F00F478D5 /* Info.plist */,
				B5B7F2DA2CE533C500F478D5 /* QuestionBankTableViewController.swift */,
				B5B7F2DC2CE5460200F478D5 /* QuestionBuilderViewController.swift */,
				B5B7F2E02CE5708000F478D5 /* QuestionModel.swift */,
				B544F3562CE94BEE0065F2F3 /* QuestionCellUpdateTableViewCell.swift */,
				B544F3582CE963060065F2F3 /* QuestionCellUpdateViewController.swift */,
				B544F35A2CE978B90065F2F3 /* ResultViewController.swift */,
				B544F35C2CE97BE40065F2F3 /* QuizViewController.swift */,
			);
			path = "Quiz-App";
			sourceTree = "<group>";
		};
		B5B7F2C02CE52C3F00F478D5 /* Quiz-AppTests */ = {
			isa = PBXGroup;
			children = (
				B5B7F2C12CE52C3F00F478D5 /* Quiz_AppTests.swift */,
			);
			path = "Quiz-AppTests";
			sourceTree = "<group>";
		};
		B5B7F2CA2CE52C3F00F478D5 /* Quiz-AppUITests */ = {
			isa = PBXGroup;
			children = (
				B5B7F2CB2CE52C3F00F478D5 /* Quiz_AppUITests.swift */,
				B5B7F2CD2CE52C3F00F478D5 /* Quiz_AppUITestsLaunchTests.swift */,
			);
			path = "Quiz-AppUITests";
			sourceTree = "<group>";
		};
/* End PBXGroup section */

/* Begin PBXNativeTarget section */
		B5B7F2A62CE52C3D00F478D5 /* Quiz-App */ = {
			isa = PBXNativeTarget;
			buildConfigurationList = B5B7F2D12CE52C3F00F478D5 /* Build configuration list for PBXNativeTarget "Quiz-App" */;
			buildPhases = (
				B5B7F2A32CE52C3D00F478D5 /* Sources */,
				B5B7F2A42CE52C3D00F478D5 /* Frameworks */,
				B5B7F2A52CE52C3D00F478D5 /* Resources */,
			);
			buildRules = (
			);
			dependencies = (
			);
			name = "Quiz-App";
			productName = "Quiz-App";
			productReference = B5B7F2A72CE52C3D00F478D5 /* Quiz-App.app */;
			productType = "com.apple.product-type.application";
		};
		B5B7F2BC2CE52C3F00F478D5 /* Quiz-AppTests */ = {
			isa = PBXNativeTarget;
			buildConfigurationList = B5B7F2D42CE52C3F00F478D5 /* Build configuration list for PBXNativeTarget "Quiz-AppTests" */;
			buildPhases = (
				B5B7F2B92CE52C3F00F478D5 /* Sources */,
				B5B7F2BA2CE52C3F00F478D5 /* Frameworks */,
				B5B7F2BB2CE52C3F00F478D5 /* Resources */,
			);
			buildRules = (
			);
			dependencies = (
				B5B7F2BF2CE52C3F00F478D5 /* PBXTargetDependency */,
			);
			name = "Quiz-AppTests";
			productName = "Quiz-AppTests";
			productReference = B5B7F2BD2CE52C3F00F478D5 /* Quiz-AppTests.xctest */;
			productType = "com.apple.product-type.bundle.unit-test";
		};
		B5B7F2C62CE52C3F00F478D5 /* Quiz-AppUITests */ = {
			isa = PBXNativeTarget;
			buildConfigurationList = B5B7F2D72CE52C3F00F478D5 /* Build configuration list for PBXNativeTarget "Quiz-AppUITests" */;
			buildPhases = (
				B5B7F2C32CE52C3F00F478D5 /* Sources */,
				B5B7F2C42CE52C3F00F478D5 /* Frameworks */,
				B5B7F2C52CE52C3F00F478D5 /* Resources */,
			);
			buildRules = (
			);
			dependencies = (
				B5B7F2C92CE52C3F00F478D5 /* PBXTargetDependency */,
			);
			name = "Quiz-AppUITests";
			productName = "Quiz-AppUITests";
			productReference = B5B7F2C72CE52C3F00F478D5 /* Quiz-AppUITests.xctest */;
			productType = "com.apple.product-type.bundle.ui-testing";
		};
/* End PBXNativeTarget section */

/* Begin PBXProject section */
		B5B7F29F2CE52C3D00F478D5 /* Project object */ = {
			isa = PBXProject;
			attributes = {
				BuildIndependentTargetsInParallel = 1;
				LastSwiftUpdateCheck = 1540;
				LastUpgradeCheck = 1540;
				TargetAttributes = {
					B5B7F2A62CE52C3D00F478D5 = {
						CreatedOnToolsVersion = 15.4;
					};
					B5B7F2BC2CE52C3F00F478D5 = {
						CreatedOnToolsVersion = 15.4;
						TestTargetID = B5B7F2A62CE52C3D00F478D5;
					};
					B5B7F2C62CE52C3F00F478D5 = {
						CreatedOnToolsVersion = 15.4;
						TestTargetID = B5B7F2A62CE52C3D00F478D5;
					};
				};
			};
			buildConfigurationList = B5B7F2A22CE52C3D00F478D5 /* Build configuration list for PBXProject "Quiz-App" */;
			compatibilityVersion = "Xcode 14.0";
			developmentRegion = en;
			hasScannedForEncodings = 0;
			knownRegions = (
				en,
				Base,
			);
			mainGroup = B5B7F29E2CE52C3D00F478D5;
			productRefGroup = B5B7F2A82CE52C3D00F478D5 /* Products */;
			projectDirPath = "";
			projectRoot = "";
			targets = (
				B5B7F2A62CE52C3D00F478D5 /* Quiz-App */,
				B5B7F2BC2CE52C3F00F478D5 /* Quiz-AppTests */,
				B5B7F2C62CE52C3F00F478D5 /* Quiz-AppUITests */,
			);
		};
/* End PBXProject section */

/* Begin PBXResourcesBuildPhase section */
		B5B7F2A52CE52C3D00F478D5 /* Resources */ = {
			isa = PBXResourcesBuildPhase;
			buildActionMask = 2147483647;
			files = (
				B5B7F2B42CE52C3F00F478D5 /* Assets.xcassets in Resources */,
				B5B7F2B72CE52C3F00F478D5 /* Base in Resources */,
				B5B7F2B22CE52C3D00F478D5 /* Base in Resources */,
			);
			runOnlyForDeploymentPostprocessing = 0;
		};
		B5B7F2BB2CE52C3F00F478D5 /* Resources */ = {
			isa = PBXResourcesBuildPhase;
			buildActionMask = 2147483647;
			files = (
			);
			runOnlyForDeploymentPostprocessing = 0;
		};
		B5B7F2C52CE52C3F00F478D5 /* Resources */ = {
			isa = PBXResourcesBuildPhase;
			buildActionMask = 2147483647;
			files = (
			);
			runOnlyForDeploymentPostprocessing = 0;
		};
/* End PBXResourcesBuildPhase section */

/* Begin PBXSourcesBuildPhase section */
		B5B7F2A32CE52C3D00F478D5 /* Sources */ = {
			isa = PBXSourcesBuildPhase;
			buildActionMask = 2147483647;
			files = (
				B544F3592CE963060065F2F3 /* QuestionCellUpdateViewController.swift in Sources */,
				B544F35D2CE97BE40065F2F3 /* QuizViewController.swift in Sources */,
				B5B7F2E12CE5708000F478D5 /* QuestionModel.swift in Sources */,
				B5B7F2AF2CE52C3D00F478D5 /* ViewController.swift in Sources */,
				B5B7F2AB2CE52C3D00F478D5 /* AppDelegate.swift in Sources */,
				B5B7F2AD2CE52C3D00F478D5 /* SceneDelegate.swift in Sources */,
				B544F35B2CE978B90065F2F3 /* ResultViewController.swift in Sources */,
				B544F3572CE94BEE0065F2F3 /* QuestionCellUpdateTableViewCell.swift in Sources */,
				B5B7F2DD2CE5460200F478D5 /* QuestionBuilderViewController.swift in Sources */,
				B5B7F2DB2CE533C500F478D5 /* QuestionBankTableViewController.swift in Sources */,
			);
			runOnlyForDeploymentPostprocessing = 0;
		};
		B5B7F2B92CE52C3F00F478D5 /* Sources */ = {
			isa = PBXSourcesBuildPhase;
			buildActionMask = 2147483647;
			files = (
				B5B7F2C22CE52C3F00F478D5 /* Quiz_AppTests.swift in Sources */,
			);
			runOnlyForDeploymentPostprocessing = 0;
		};
		B5B7F2C32CE52C3F00F478D5 /* Sources */ = {
			isa = PBXSourcesBuildPhase;
			buildActionMask = 2147483647;
			files = (
				B5B7F2CE2CE52C3F00F478D5 /* Quiz_AppUITestsLaunchTests.swift in Sources */,
				B5B7F2CC2CE52C3F00F478D5 /* Quiz_AppUITests.swift in Sources */,
			);
			runOnlyForDeploymentPostprocessing = 0;
		};
/* End PBXSourcesBuildPhase section */

/* Begin PBXTargetDependency section */
		B5B7F2BF2CE52C3F00F478D5 /* PBXTargetDependency */ = {
			isa = PBXTargetDependency;
			target = B5B7F2A62CE52C3D00F478D5 /* Quiz-App */;
			targetProxy = B5B7F2BE2CE52C3F00F478D5 /* PBXContainerItemProxy */;
		};
		B5B7F2C92CE52C3F00F478D5 /* PBXTargetDependency */ = {
			isa = PBXTargetDependency;
			target = B5B7F2A62CE52C3D00F478D5 /* Quiz-App */;
			targetProxy = B5B7F2C82CE52C3F00F478D5 /* PBXContainerItemProxy */;
		};
/* End PBXTargetDependency section */

/* Begin PBXVariantGroup section */
		B5B7F2B02CE52C3D00F478D5 /* Main.storyboard */ = {
			isa = PBXVariantGroup;
			children = (
				B5B7F2B12CE52C3D00F478D5 /* Base */,
			);
			name = Main.storyboard;
			sourceTree = "<group>";
		};
		B5B7F2B52CE52C3F00F478D5 /* LaunchScreen.storyboard */ = {
			isa = PBXVariantGroup;
			children = (
				B5B7F2B62CE52C3F00F478D5 /* Base */,
			);
			name = LaunchScreen.storyboard;
			sourceTree = "<group>";
		};
/* End PBXVariantGroup section */

/* Begin XCBuildConfiguration section */
		B5B7F2CF2CE52C3F00F478D5 /* Debug */ = {
			isa = XCBuildConfiguration;
			buildSettings = {
				ALWAYS_SEARCH_USER_PATHS = NO;
				ASSETCATALOG_COMPILER_GENERATE_SWIFT_ASSET_SYMBOL_EXTENSIONS = YES;
				CLANG_ANALYZER_NONNULL = YES;
				CLANG_ANALYZER_NUMBER_OBJECT_CONVERSION = YES_AGGRESSIVE;
				CLANG_CXX_LANGUAGE_STANDARD = "gnu++20";
				CLANG_ENABLE_MODULES = YES;
				CLANG_ENABLE_OBJC_ARC = YES;
				CLANG_ENABLE_OBJC_WEAK = YES;
				CLANG_WARN_BLOCK_CAPTURE_AUTORELEASING = YES;
				CLANG_WARN_BOOL_CONVERSION = YES;
				CLANG_WARN_COMMA = YES;
				CLANG_WARN_CONSTANT_CONVERSION = YES;
				CLANG_WARN_DEPRECATED_OBJC_IMPLEMENTATIONS = YES;
				CLANG_WARN_DIRECT_OBJC_ISA_USAGE = YES_ERROR;
				CLANG_WARN_DOCUMENTATION_COMMENTS = YES;
				CLANG_WARN_EMPTY_BODY = YES;
				CLANG_WARN_ENUM_CONVERSION = YES;
				CLANG_WARN_INFINITE_RECURSION = YES;
				CLANG_WARN_INT_CONVERSION = YES;
				CLANG_WARN_NON_LITERAL_NULL_CONVERSION = YES;
				CLANG_WARN_OBJC_IMPLICIT_RETAIN_SELF = YES;
				CLANG_WARN_OBJC_LITERAL_CONVERSION = YES;
				CLANG_WARN_OBJC_ROOT_CLASS = YES_ERROR;
				CLANG_WARN_QUOTED_INCLUDE_IN_FRAMEWORK_HEADER = YES;
				CLANG_WARN_RANGE_LOOP_ANALYSIS = YES;
				CLANG_WARN_STRICT_PROTOTYPES = YES;
				CLANG_WARN_SUSPICIOUS_MOVE = YES;
				CLANG_WARN_UNGUARDED_AVAILABILITY = YES_AGGRESSIVE;
				CLANG_WARN_UNREACHABLE_CODE = YES;
				CLANG_WARN__DUPLICATE_METHOD_MATCH = YES;
				COPY_PHASE_STRIP = NO;
				DEBUG_INFORMATION_FORMAT = dwarf;
				ENABLE_STRICT_OBJC_MSGSEND = YES;
				ENABLE_TESTABILITY = YES;
				ENABLE_USER_SCRIPT_SANDBOXING = YES;
				GCC_C_LANGUAGE_STANDARD = gnu17;
				GCC_DYNAMIC_NO_PIC = NO;
				GCC_NO_COMMON_BLOCKS = YES;
				GCC_OPTIMIZATION_LEVEL = 0;
				GCC_PREPROCESSOR_DEFINITIONS = (
					"DEBUG=1",
					"$(inherited)",
				);
				GCC_WARN_64_TO_32_BIT_CONVERSION = YES;
				GCC_WARN_ABOUT_RETURN_TYPE = YES_ERROR;
				GCC_WARN_UNDECLARED_SELECTOR = YES;
				GCC_WARN_UNINITIALIZED_AUTOS = YES_AGGRESSIVE;
				GCC_WARN_UNUSED_FUNCTION = YES;
				GCC_WARN_UNUSED_VARIABLE = YES;
				IPHONEOS_DEPLOYMENT_TARGET = 17.5;
				LOCALIZATION_PREFERS_STRING_CATALOGS = YES;
				MTL_ENABLE_DEBUG_INFO = INCLUDE_SOURCE;
				MTL_FAST_MATH = YES;
				ONLY_ACTIVE_ARCH = YES;
				SDKROOT = iphoneos;
				SWIFT_ACTIVE_COMPILATION_CONDITIONS = "DEBUG $(inherited)";
				SWIFT_OPTIMIZATION_LEVEL = "-Onone";
			};
			name = Debug;
		};
		B5B7F2D02CE52C3F00F478D5 /* Release */ = {
			isa = XCBuildConfiguration;
			buildSettings = {
				ALWAYS_SEARCH_USER_PATHS = NO;
				ASSETCATALOG_COMPILER_GENERATE_SWIFT_ASSET_SYMBOL_EXTENSIONS = YES;
				CLANG_ANALYZER_NONNULL = YES;
				CLANG_ANALYZER_NUMBER_OBJECT_CONVERSION = YES_AGGRESSIVE;
				CLANG_CXX_LANGUAGE_STANDARD = "gnu++20";
				CLANG_ENABLE_MODULES = YES;
				CLANG_ENABLE_OBJC_ARC = YES;
				CLANG_ENABLE_OBJC_WEAK = YES;
				CLANG_WARN_BLOCK_CAPTURE_AUTORELEASING = YES;
				CLANG_WARN_BOOL_CONVERSION = YES;
				CLANG_WARN_COMMA = YES;
				CLANG_WARN_CONSTANT_CONVERSION = YES;
				CLANG_WARN_DEPRECATED_OBJC_IMPLEMENTATIONS = YES;
				CLANG_WARN_DIRECT_OBJC_ISA_USAGE = YES_ERROR;
				CLANG_WARN_DOCUMENTATION_COMMENTS = YES;
				CLANG_WARN_EMPTY_BODY = YES;
				CLANG_WARN_ENUM_CONVERSION = YES;
				CLANG_WARN_INFINITE_RECURSION = YES;
				CLANG_WARN_INT_CONVERSION = YES;
				CLANG_WARN_NON_LITERAL_NULL_CONVERSION = YES;
				CLANG_WARN_OBJC_IMPLICIT_RETAIN_SELF = YES;
				CLANG_WARN_OBJC_LITERAL_CONVERSION = YES;
				CLANG_WARN_OBJC_ROOT_CLASS = YES_ERROR;
				CLANG_WARN_QUOTED_INCLUDE_IN_FRAMEWORK_HEADER = YES;
				CLANG_WARN_RANGE_LOOP_ANALYSIS = YES;
				CLANG_WARN_STRICT_PROTOTYPES = YES;
				CLANG_WARN_SUSPICIOUS_MOVE = YES;
				CLANG_WARN_UNGUARDED_AVAILABILITY = YES_AGGRESSIVE;
				CLANG_WARN_UNREACHABLE_CODE = YES;
				CLANG_WARN__DUPLICATE_METHOD_MATCH = YES;
				COPY_PHASE_STRIP = NO;
				DEBUG_INFORMATION_FORMAT = "dwarf-with-dsym";
				ENABLE_NS_ASSERTIONS = NO;
				ENABLE_STRICT_OBJC_MSGSEND = YES;
				ENABLE_USER_SCRIPT_SANDBOXING = YES;
				GCC_C_LANGUAGE_STANDARD = gnu17;
				GCC_NO_COMMON_BLOCKS = YES;
				GCC_WARN_64_TO_32_BIT_CONVERSION = YES;
				GCC_WARN_ABOUT_RETURN_TYPE = YES_ERROR;
				GCC_WARN_UNDECLARED_SELECTOR = YES;
				GCC_WARN_UNINITIALIZED_AUTOS = YES_AGGRESSIVE;
				GCC_WARN_UNUSED_FUNCTION = YES;
				GCC_WARN_UNUSED_VARIABLE = YES;
				IPHONEOS_DEPLOYMENT_TARGET = 17.5;
				LOCALIZATION_PREFERS_STRING_CATALOGS = YES;
				MTL_ENABLE_DEBUG_INFO = NO;
				MTL_FAST_MATH = YES;
				SDKROOT = iphoneos;
				SWIFT_COMPILATION_MODE = wholemodule;
				VALIDATE_PRODUCT = YES;
			};
			name = Release;
		};
		B5B7F2D22CE52C3F00F478D5 /* Debug */ = {
			isa = XCBuildConfiguration;
			buildSettings = {
				ASSETCATALOG_COMPILER_APPICON_NAME = AppIcon;
				ASSETCATALOG_COMPILER_GLOBAL_ACCENT_COLOR_NAME = AccentColor;
				CODE_SIGN_STYLE = Automatic;
				CURRENT_PROJECT_VERSION = 1;
				GENERATE_INFOPLIST_FILE = YES;
				INFOPLIST_FILE = "Quiz-App/Info.plist";
				INFOPLIST_KEY_UIApplicationSupportsIndirectInputEvents = YES;
				INFOPLIST_KEY_UILaunchStoryboardName = LaunchScreen;
				INFOPLIST_KEY_UIMainStoryboardFile = Main;
				INFOPLIST_KEY_UISupportedInterfaceOrientations_iPad = "UIInterfaceOrientationPortrait UIInterfaceOrientationPortraitUpsideDown UIInterfaceOrientationLandscapeLeft UIInterfaceOrientationLandscapeRight";
				INFOPLIST_KEY_UISupportedInterfaceOrientations_iPhone = "UIInterfaceOrientationPortrait UIInterfaceOrientationLandscapeLeft UIInterfaceOrientationLandscapeRight";
				LD_RUNPATH_SEARCH_PATHS = (
					"$(inherited)",
					"@executable_path/Frameworks",
				);
				MARKETING_VERSION = 1.0;
				PRODUCT_BUNDLE_IDENTIFIER = "khushi.Quiz-App";
				PRODUCT_NAME = "$(TARGET_NAME)";
				SWIFT_EMIT_LOC_STRINGS = YES;
				SWIFT_VERSION = 5.0;
				TARGETED_DEVICE_FAMILY = "1,2";
			};
			name = Debug;
		};
		B5B7F2D32CE52C3F00F478D5 /* Release */ = {
			isa = XCBuildConfiguration;
			buildSettings = {
				ASSETCATALOG_COMPILER_APPICON_NAME = AppIcon;
				ASSETCATALOG_COMPILER_GLOBAL_ACCENT_COLOR_NAME = AccentColor;
				CODE_SIGN_STYLE = Automatic;
				CURRENT_PROJECT_VERSION = 1;
				GENERATE_INFOPLIST_FILE = YES;
				INFOPLIST_FILE = "Quiz-App/Info.plist";
				INFOPLIST_KEY_UIApplicationSupportsIndirectInputEvents = YES;
				INFOPLIST_KEY_UILaunchStoryboardName = LaunchScreen;
				INFOPLIST_KEY_UIMainStoryboardFile = Main;
				INFOPLIST_KEY_UISupportedInterfaceOrientations_iPad = "UIInterfaceOrientationPortrait UIInterfaceOrientationPortraitUpsideDown UIInterfaceOrientationLandscapeLeft UIInterfaceOrientationLandscapeRight";
				INFOPLIST_KEY_UISupportedInterfaceOrientations_iPhone = "UIInterfaceOrientationPortrait UIInterfaceOrientationLandscapeLeft UIInterfaceOrientationLandscapeRight";
				LD_RUNPATH_SEARCH_PATHS = (
					"$(inherited)",
					"@executable_path/Frameworks",
				);
				MARKETING_VERSION = 1.0;
				PRODUCT_BUNDLE_IDENTIFIER = "khushi.Quiz-App";
				PRODUCT_NAME = "$(TARGET_NAME)";
				SWIFT_EMIT_LOC_STRINGS = YES;
				SWIFT_VERSION = 5.0;
				TARGETED_DEVICE_FAMILY = "1,2";
			};
			name = Release;
		};
		B5B7F2D52CE52C3F00F478D5 /* Debug */ = {
			isa = XCBuildConfiguration;
			buildSettings = {
				ALWAYS_EMBED_SWIFT_STANDARD_LIBRARIES = YES;
				BUNDLE_LOADER = "$(TEST_HOST)";
				CODE_SIGN_STYLE = Automatic;
				CURRENT_PROJECT_VERSION = 1;
				GENERATE_INFOPLIST_FILE = YES;
				IPHONEOS_DEPLOYMENT_TARGET = 17.5;
				MARKETING_VERSION = 1.0;
				PRODUCT_BUNDLE_IDENTIFIER = "khushi.Quiz-AppTests";
				PRODUCT_NAME = "$(TARGET_NAME)";
				SWIFT_EMIT_LOC_STRINGS = NO;
				SWIFT_VERSION = 5.0;
				TARGETED_DEVICE_FAMILY = "1,2";
				TEST_HOST = "$(BUILT_PRODUCTS_DIR)/Quiz-App.app/$(BUNDLE_EXECUTABLE_FOLDER_PATH)/Quiz-App";
			};
			name = Debug;
		};
		B5B7F2D62CE52C3F00F478D5 /* Release */ = {
			isa = XCBuildConfiguration;
			buildSettings = {
				ALWAYS_EMBED_SWIFT_STANDARD_LIBRARIES = YES;
				BUNDLE_LOADER = "$(TEST_HOST)";
				CODE_SIGN_STYLE = Automatic;
				CURRENT_PROJECT_VERSION = 1;
				GENERATE_INFOPLIST_FILE = YES;
				IPHONEOS_DEPLOYMENT_TARGET = 17.5;
				MARKETING_VERSION = 1.0;
				PRODUCT_BUNDLE_IDENTIFIER = "khushi.Quiz-AppTests";
				PRODUCT_NAME = "$(TARGET_NAME)";
				SWIFT_EMIT_LOC_STRINGS = NO;
				SWIFT_VERSION = 5.0;
				TARGETED_DEVICE_FAMILY = "1,2";
				TEST_HOST = "$(BUILT_PRODUCTS_DIR)/Quiz-App.app/$(BUNDLE_EXECUTABLE_FOLDER_PATH)/Quiz-App";
			};
			name = Release;
		};
		B5B7F2D82CE52C3F00F478D5 /* Debug */ = {
			isa = XCBuildConfiguration;
			buildSettings = {
				ALWAYS_EMBED_SWIFT_STANDARD_LIBRARIES = YES;
				CODE_SIGN_STYLE = Automatic;
				CURRENT_PROJECT_VERSION = 1;
				GENERATE_INFOPLIST_FILE = YES;
				MARKETING_VERSION = 1.0;
				PRODUCT_BUNDLE_IDENTIFIER = "khushi.Quiz-AppUITests";
				PRODUCT_NAME = "$(TARGET_NAME)";
				SWIFT_EMIT_LOC_STRINGS = NO;
				SWIFT_VERSION = 5.0;
				TARGETED_DEVICE_FAMILY = "1,2";
				TEST_TARGET_NAME = "Quiz-App";
			};
			name = Debug;
		};
		B5B7F2D92CE52C3F00F478D5 /* Release */ = {
			isa = XCBuildConfiguration;
			buildSettings = {
				ALWAYS_EMBED_SWIFT_STANDARD_LIBRARIES = YES;
				CODE_SIGN_STYLE = Automatic;
				CURRENT_PROJECT_VERSION = 1;
				GENERATE_INFOPLIST_FILE = YES;
				MARKETING_VERSION = 1.0;
				PRODUCT_BUNDLE_IDENTIFIER = "khushi.Quiz-AppUITests";
				PRODUCT_NAME = "$(TARGET_NAME)";
				SWIFT_EMIT_LOC_STRINGS = NO;
				SWIFT_VERSION = 5.0;
				TARGETED_DEVICE_FAMILY = "1,2";
				TEST_TARGET_NAME = "Quiz-App";
			};
			name = Release;
		};
/* End XCBuildConfiguration section */

/* Begin XCConfigurationList section */
		B5B7F2A22CE52C3D00F478D5 /* Build configuration list for PBXProject "Quiz-App" */ = {
			isa = XCConfigurationList;
			buildConfigurations = (
				B5B7F2CF2CE52C3F00F478D5 /* Debug */,
				B5B7F2D02CE52C3F00F478D5 /* Release */,
			);
			defaultConfigurationIsVisible = 0;
			defaultConfigurationName = Release;
		};
		B5B7F2D12CE52C3F00F478D5 /* Build configuration list for PBXNativeTarget "Quiz-App" */ = {
			isa = XCConfigurationList;
			buildConfigurations = (
				B5B7F2D22CE52C3F00F478D5 /* Debug */,
				B5B7F2D32CE52C3F00F478D5 /* Release */,
			);
			defaultConfigurationIsVisible = 0;
			defaultConfigurationName = Release;
		};
		B5B7F2D42CE52C3F00F478D5 /* Build configuration list for PBXNativeTarget "Quiz-AppTests" */ = {
			isa = XCConfigurationList;
			buildConfigurations = (
				B5B7F2D52CE52C3F00F478D5 /* Debug */,
				B5B7F2D62CE52C3F00F478D5 /* Release */,
			);
			defaultConfigurationIsVisible = 0;
			defaultConfigurationName = Release;
		};
		B5B7F2D72CE52C3F00F478D5 /* Build configuration list for PBXNativeTarget "Quiz-AppUITests" */ = {
			isa = XCConfigurationList;
			buildConfigurations = (
				B5B7F2D82CE52C3F00F478D5 /* Debug */,
				B5B7F2D92CE52C3F00F478D5 /* Release */,
			);
			defaultConfigurationIsVisible = 0;
			defaultConfigurationName = Release;
		};
/* End XCConfigurationList section */
	};
	rootObject = B5B7F29F2CE52C3D00F478D5 /* Project object */;
}
